{
    "_meta": {
        "hash": {
            "sha256": "9c4c245a9662b7daceb0cef49d66323c301b16fc52f0ef11c188d2f961210064"
        },
        "pipfile-spec": 6,
        "requires": {
            "python_version": "3.9"
        },
        "sources": [
            {
                "name": "pypi",
                "url": "https://pypi.org/simple",
                "verify_ssl": true
            }
        ]
    },
    "default": {
        "alembic": {
            "hashes": [
                "sha256:1ff0ae32975f4fd96028c39ed9bb3c867fe3af956bd7bb37343b54c9fe7445ef",
                "sha256:6b8733129a6224a9a711e17c99b08462dbf7cc9670ba8f2e2ae9af860ceb1953"
            ],
            "index": "pypi",
            "markers": "python_version >= '3.8'",
            "version": "==1.13.2"
        },
        "boto3": {
            "hashes": [
                "sha256:0d16832f23e6bd3ae94e35ea8e625529850bfad9baccd426de96ad8f445d8e03",
                "sha256:b590ce80c65149194def43ebf0ea1cf0533945502507837389a8d22e3ecbcf05"
            ],
            "index": "pypi",
            "markers": "python_version >= '3.8'",
            "version": "==1.34.143"
        },
        "botocore": {
            "hashes": [
                "sha256:059f032ec05733a836e04e869c5a15534420102f93116f3bc9a5b759b0651caf",
                "sha256:094aea179e8aaa1bc957ad49cc27d93b189dd3a1f3075d8b0ca7c445a2a88430"
            ],
            "markers": "python_version >= '3.8'",
            "version": "==1.34.143"
        },
        "click": {
            "hashes": [
                "sha256:7682dc8afb30297001674575ea00d1814d808d6a36af415a82bd481d37ba7b8e",
                "sha256:bb4d8133cb15a609f44e8213d9b391b0809795062913b383c62be0ee95b1db48"
            ],
            "index": "pypi",
            "markers": "python_version >= '3.7'",
            "version": "==8.1.3"
        },
        "flask": {
            "hashes": [
                "sha256:642c450d19c4ad482f96729bd2a8f6d32554aa1e231f4f6b4e7e5264b16cca2b",
                "sha256:b9c46cc36662a7949f34b52d8ec7bb59c0d74ba08ba6cb9ce9adc1d8676d9526"
            ],
            "index": "pypi",
            "markers": "python_version >= '3.7'",
            "version": "==2.2.2"
        },
        "flask-cors": {
            "hashes": [
                "sha256:eeb69b342142fdbf4766ad99357a7f3876a2ceb77689dc10ff912aac06c389e4",
                "sha256:f2a704e4458665580c074b714c4627dd5a306b333deb9074d0b1794dfa2fb677"
            ],
            "index": "pypi",
            "version": "==4.0.1"
        },
        "flask-login": {
            "hashes": [
                "sha256:5e23d14a607ef12806c699590b89d0f0e0d67baeec599d75947bf9c147330333",
                "sha256:849b25b82a436bf830a054e74214074af59097171562ab10bfa999e6b78aae5d"
            ],
            "index": "pypi",
            "markers": "python_version >= '3.7'",
            "version": "==0.6.3"
        },
        "flask-migrate": {
            "hashes": [
                "sha256:5c532be17e7b43a223b7500d620edae33795df27c75811ddf32560f7d48ec617",
                "sha256:dff7dd25113c210b069af280ea713b883f3840c1e3455274745d7355778c8622"
            ],
            "index": "pypi",
            "markers": "python_version >= '3.6'",
            "version": "==4.0.7"
        },
        "flask-sqlalchemy": {
            "hashes": [
                "sha256:2764335f3c9d7ebdc9ed6044afaf98aae9fa50d7a074cef55dde307ec95903ec",
                "sha256:add5750b2f9cd10512995261ee2aa23fab85bd5626061aa3c564b33bb4aa780a"
            ],
            "index": "pypi",
            "markers": "python_version >= '3.7'",
            "version": "==3.0.3"
        },
        "flask-wtf": {
            "hashes": [
                "sha256:8bb269eb9bb46b87e7c8233d7e7debdf1f8b74bf90cc1789988c29b37a97b695",
                "sha256:fa6793f2fb7e812e0fe9743b282118e581fb1b6c45d414b8af05e659bd653287"
            ],
            "index": "pypi",
            "markers": "python_version >= '3.8'",
            "version": "==1.2.1"
        },
        "greenlet": {
            "hashes": [
                "sha256:0a02d259510b3630f330c86557331a3b0e0c79dac3d166e449a39363beaae174",
                "sha256:0b6f9f8ca7093fd4433472fd99b5650f8a26dcd8ba410e14094c1e44cd3ceddd",
                "sha256:100f78a29707ca1525ea47388cec8a049405147719f47ebf3895e7509c6446aa",
                "sha256:1757936efea16e3f03db20efd0cd50a1c86b06734f9f7338a90c4ba85ec2ad5a",
                "sha256:19075157a10055759066854a973b3d1325d964d498a805bb68a1f9af4aaef8ec",
                "sha256:19bbdf1cce0346ef7341705d71e2ecf6f41a35c311137f29b8a2dc2341374565",
                "sha256:20107edf7c2c3644c67c12205dc60b1bb11d26b2610b276f97d666110d1b511d",
                "sha256:22f79120a24aeeae2b4471c711dcf4f8c736a2bb2fabad2a67ac9a55ea72523c",
                "sha256:2847e5d7beedb8d614186962c3d774d40d3374d580d2cbdab7f184580a39d234",
                "sha256:28e89e232c7593d33cac35425b58950789962011cc274aa43ef8865f2e11f46d",
                "sha256:329c5a2e5a0ee942f2992c5e3ff40be03e75f745f48847f118a3cfece7a28546",
                "sha256:337322096d92808f76ad26061a8f5fccb22b0809bea39212cd6c406f6a7060d2",
                "sha256:3fcc780ae8edbb1d050d920ab44790201f027d59fdbd21362340a85c79066a74",
                "sha256:41bdeeb552d814bcd7fb52172b304898a35818107cc8778b5101423c9017b3de",
                "sha256:4eddd98afc726f8aee1948858aed9e6feeb1758889dfd869072d4465973f6bfd",
                "sha256:52e93b28db27ae7d208748f45d2db8a7b6a380e0d703f099c949d0f0d80b70e9",
                "sha256:55d62807f1c5a1682075c62436702aaba941daa316e9161e4b6ccebbbf38bda3",
                "sha256:5805e71e5b570d490938d55552f5a9e10f477c19400c38bf1d5190d760691846",
                "sha256:599daf06ea59bfedbec564b1692b0166a0045f32b6f0933b0dd4df59a854caf2",
                "sha256:60d5772e8195f4e9ebf74046a9121bbb90090f6550f81d8956a05387ba139353",
                "sha256:696d8e7d82398e810f2b3622b24e87906763b6ebfd90e361e88eb85b0e554dc8",
                "sha256:6e6061bf1e9565c29002e3c601cf68569c450be7fc3f7336671af7ddb4657166",
                "sha256:80ac992f25d10aaebe1ee15df45ca0d7571d0f70b645c08ec68733fb7a020206",
                "sha256:816bd9488a94cba78d93e1abb58000e8266fa9cc2aa9ccdd6eb0696acb24005b",
                "sha256:85d2b77e7c9382f004b41d9c72c85537fac834fb141b0296942d52bf03fe4a3d",
                "sha256:87c8ceb0cf8a5a51b8008b643844b7f4a8264a2c13fcbcd8a8316161725383fe",
                "sha256:89ee2e967bd7ff85d84a2de09df10e021c9b38c7d91dead95b406ed6350c6997",
                "sha256:8bef097455dea90ffe855286926ae02d8faa335ed8e4067326257cb571fc1445",
                "sha256:8d11ebbd679e927593978aa44c10fc2092bc454b7d13fdc958d3e9d508aba7d0",
                "sha256:91e6c7db42638dc45cf2e13c73be16bf83179f7859b07cfc139518941320be96",
                "sha256:97e7ac860d64e2dcba5c5944cfc8fa9ea185cd84061c623536154d5a89237884",
                "sha256:990066bff27c4fcf3b69382b86f4c99b3652bab2a7e685d968cd4d0cfc6f67c6",
                "sha256:9fbc5b8f3dfe24784cee8ce0be3da2d8a79e46a276593db6868382d9c50d97b1",
                "sha256:ac4a39d1abae48184d420aa8e5e63efd1b75c8444dd95daa3e03f6c6310e9619",
                "sha256:b2c02d2ad98116e914d4f3155ffc905fd0c025d901ead3f6ed07385e19122c94",
                "sha256:b2d3337dcfaa99698aa2377c81c9ca72fcd89c07e7eb62ece3f23a3fe89b2ce4",
                "sha256:b489c36d1327868d207002391f662a1d163bdc8daf10ab2e5f6e41b9b96de3b1",
                "sha256:b641161c302efbb860ae6b081f406839a8b7d5573f20a455539823802c655f63",
                "sha256:b8ba29306c5de7717b5761b9ea74f9c72b9e2b834e24aa984da99cbfc70157fd",
                "sha256:b9934adbd0f6e476f0ecff3c94626529f344f57b38c9a541f87098710b18af0a",
                "sha256:ce85c43ae54845272f6f9cd8320d034d7a946e9773c693b27d620edec825e376",
                "sha256:cf868e08690cb89360eebc73ba4be7fb461cfbc6168dd88e2fbbe6f31812cd57",
                "sha256:d2905ce1df400360463c772b55d8e2518d0e488a87cdea13dd2c71dcb2a1fa16",
                "sha256:d57e20ba591727da0c230ab2c3f200ac9d6d333860d85348816e1dca4cc4792e",
                "sha256:d6a8c9d4f8692917a3dc7eb25a6fb337bff86909febe2f793ec1928cd97bedfc",
                "sha256:d923ff276f1c1f9680d32832f8d6c040fe9306cbfb5d161b0911e9634be9ef0a",
                "sha256:daa7197b43c707462f06d2c693ffdbb5991cbb8b80b5b984007de431493a319c",
                "sha256:dbd4c177afb8a8d9ba348d925b0b67246147af806f0b104af4d24f144d461cd5",
                "sha256:dc4d815b794fd8868c4d67602692c21bf5293a75e4b607bb92a11e821e2b859a",
                "sha256:e9d21aaa84557d64209af04ff48e0ad5e28c5cca67ce43444e939579d085da72",
                "sha256:ea6b8aa9e08eea388c5f7a276fabb1d4b6b9d6e4ceb12cc477c3d352001768a9",
                "sha256:eabe7090db68c981fca689299c2d116400b553f4b713266b130cfc9e2aa9c5a9",
                "sha256:f2f6d303f3dee132b322a14cd8765287b8f86cdc10d2cb6a6fae234ea488888e",
                "sha256:f33f3258aae89da191c6ebaa3bc517c6c4cbc9b9f689e5d8452f7aedbb913fa8",
                "sha256:f7bfb769f7efa0eefcd039dd19d843a4fbfbac52f1878b1da2ed5793ec9b1a65",
                "sha256:f89e21afe925fcfa655965ca8ea10f24773a1791400989ff32f467badfe4a064",
                "sha256:fa24255ae3c0ab67e613556375a4341af04a084bd58764731972bcbc8baeba36"
            ],
            "index": "pypi",
            "markers": "python_version >= '3.7'",
            "version": "==3.0.1"
        },
        "gunicorn": {
            "hashes": [
                "sha256:9dcc4547dbb1cb284accfb15ab5667a0e5d1881cc443e0677b4882a4067a807e",
                "sha256:e0a968b5ba15f8a328fdfd7ab1fcb5af4470c28aaf7e55df02a99bc13138e6e8"
            ],
            "index": "pypi",
            "markers": "python_version >= '3.5'",
            "version": "==20.1.0"
        },
        "importlib-metadata": {
            "hashes": [
                "sha256:1c8dc6839ddc9771412596926f24cb5a553bbd40624ee2c7e55e531542bed3b8",
                "sha256:e8acb523c335a91822674e149b46c0399ec4d328c4d1f6e49c273da5ff0201b9"
            ],
            "index": "pypi",
            "markers": "python_version >= '3.8'",
            "version": "==6.9.0"
        },
        "itsdangerous": {
            "hashes": [
                "sha256:2c2349112351b88699d8d4b6b075022c0808887cb7ad10069318a8b0bc88db44",
                "sha256:5dbbc68b317e5e42f327f9021763545dc3fc3bfe22e6deb96aaf1fc38874156a"
            ],
            "index": "pypi",
            "markers": "python_version >= '3.7'",
            "version": "==2.1.2"
        },
        "jinja2": {
            "hashes": [
                "sha256:31351a702a408a9e7595a8fc6150fc3f43bb6bf7e319770cbc0db9df9437e852",
                "sha256:6088930bfe239f0e6710546ab9c19c9ef35e29792895fed6e6e31a023a182a61"
            ],
            "index": "pypi",
            "markers": "python_version >= '3.7'",
            "version": "==3.1.2"
        },
        "jmespath": {
            "hashes": [
                "sha256:02e2e4cc71b5bcab88332eebf907519190dd9e6e82107fa7f83b1003a6252980",
                "sha256:90261b206d6defd58fdd5e85f478bf633a2901798906be2ad389150c5c60edbe"
            ],
            "markers": "python_version >= '3.7'",
            "version": "==1.0.1"
        },
        "mako": {
            "hashes": [
                "sha256:c97c79c018b9165ac9922ae4f32da095ffd3c4e6872b45eded42926deea46818",
                "sha256:d60a3903dc3bb01a18ad6a89cdbe2e4eadc69c0bc8ef1e3773ba53d44c3f7a34"
            ],
            "index": "pypi",
            "markers": "python_version >= '3.7'",
            "version": "==1.2.4"
        },
        "markupsafe": {
            "hashes": [
                "sha256:0576fe974b40a400449768941d5d0858cc624e3249dfd1e0c33674e5c7ca7aed",
                "sha256:085fd3201e7b12809f9e6e9bc1e5c96a368c8523fad5afb02afe3c051ae4afcc",
                "sha256:090376d812fb6ac5f171e5938e82e7f2d7adc2b629101cec0db8b267815c85e2",
                "sha256:0b462104ba25f1ac006fdab8b6a01ebbfbce9ed37fd37fd4acd70c67c973e460",
                "sha256:137678c63c977754abe9086a3ec011e8fd985ab90631145dfb9294ad09c102a7",
                "sha256:1bea30e9bf331f3fef67e0a3877b2288593c98a21ccb2cf29b74c581a4eb3af0",
                "sha256:22152d00bf4a9c7c83960521fc558f55a1adbc0631fbb00a9471e097b19d72e1",
                "sha256:22731d79ed2eb25059ae3df1dfc9cb1546691cc41f4e3130fe6bfbc3ecbbecfa",
                "sha256:2298c859cfc5463f1b64bd55cb3e602528db6fa0f3cfd568d3605c50678f8f03",
                "sha256:28057e985dace2f478e042eaa15606c7efccb700797660629da387eb289b9323",
                "sha256:2e7821bffe00aa6bd07a23913b7f4e01328c3d5cc0b40b36c0bd81d362faeb65",
                "sha256:2ec4f2d48ae59bbb9d1f9d7efb9236ab81429a764dedca114f5fdabbc3788013",
                "sha256:340bea174e9761308703ae988e982005aedf427de816d1afe98147668cc03036",
                "sha256:40627dcf047dadb22cd25ea7ecfe9cbf3bbbad0482ee5920b582f3809c97654f",
                "sha256:40dfd3fefbef579ee058f139733ac336312663c6706d1163b82b3003fb1925c4",
                "sha256:4cf06cdc1dda95223e9d2d3c58d3b178aa5dacb35ee7e3bbac10e4e1faacb419",
                "sha256:50c42830a633fa0cf9e7d27664637532791bfc31c731a87b202d2d8ac40c3ea2",
                "sha256:55f44b440d491028addb3b88f72207d71eeebfb7b5dbf0643f7c023ae1fba619",
                "sha256:608e7073dfa9e38a85d38474c082d4281f4ce276ac0010224eaba11e929dd53a",
                "sha256:63ba06c9941e46fa389d389644e2d8225e0e3e5ebcc4ff1ea8506dce646f8c8a",
                "sha256:65608c35bfb8a76763f37036547f7adfd09270fbdbf96608be2bead319728fcd",
                "sha256:665a36ae6f8f20a4676b53224e33d456a6f5a72657d9c83c2aa00765072f31f7",
                "sha256:6d6607f98fcf17e534162f0709aaad3ab7a96032723d8ac8750ffe17ae5a0666",
                "sha256:7313ce6a199651c4ed9d7e4cfb4aa56fe923b1adf9af3b420ee14e6d9a73df65",
                "sha256:7668b52e102d0ed87cb082380a7e2e1e78737ddecdde129acadb0eccc5423859",
                "sha256:7df70907e00c970c60b9ef2938d894a9381f38e6b9db73c5be35e59d92e06625",
                "sha256:7e007132af78ea9df29495dbf7b5824cb71648d7133cf7848a2a5dd00d36f9ff",
                "sha256:835fb5e38fd89328e9c81067fd642b3593c33e1e17e2fdbf77f5676abb14a156",
                "sha256:8bca7e26c1dd751236cfb0c6c72d4ad61d986e9a41bbf76cb445f69488b2a2bd",
                "sha256:8db032bf0ce9022a8e41a22598eefc802314e81b879ae093f36ce9ddf39ab1ba",
                "sha256:99625a92da8229df6d44335e6fcc558a5037dd0a760e11d84be2260e6f37002f",
                "sha256:9cad97ab29dfc3f0249b483412c85c8ef4766d96cdf9dcf5a1e3caa3f3661cf1",
                "sha256:a4abaec6ca3ad8660690236d11bfe28dfd707778e2442b45addd2f086d6ef094",
                "sha256:a6e40afa7f45939ca356f348c8e23048e02cb109ced1eb8420961b2f40fb373a",
                "sha256:a6f2fcca746e8d5910e18782f976489939d54a91f9411c32051b4aab2bd7c513",
                "sha256:a806db027852538d2ad7555b203300173dd1b77ba116de92da9afbc3a3be3eed",
                "sha256:abcabc8c2b26036d62d4c746381a6f7cf60aafcc653198ad678306986b09450d",
                "sha256:b8526c6d437855442cdd3d87eede9c425c4445ea011ca38d937db299382e6fa3",
                "sha256:bb06feb762bade6bf3c8b844462274db0c76acc95c52abe8dbed28ae3d44a147",
                "sha256:c0a33bc9f02c2b17c3ea382f91b4db0e6cde90b63b296422a939886a7a80de1c",
                "sha256:c4a549890a45f57f1ebf99c067a4ad0cb423a05544accaf2b065246827ed9603",
                "sha256:ca244fa73f50a800cf8c3ebf7fd93149ec37f5cb9596aa8873ae2c1d23498601",
                "sha256:cf877ab4ed6e302ec1d04952ca358b381a882fbd9d1b07cccbfd61783561f98a",
                "sha256:d9d971ec1e79906046aa3ca266de79eac42f1dbf3612a05dc9368125952bd1a1",
                "sha256:da25303d91526aac3672ee6d49a2f3db2d9502a4a60b55519feb1a4c7714e07d",
                "sha256:e55e40ff0cc8cc5c07996915ad367fa47da6b3fc091fdadca7f5403239c5fec3",
                "sha256:f03a532d7dee1bed20bc4884194a16160a2de9ffc6354b3878ec9682bb623c54",
                "sha256:f1cd098434e83e656abf198f103a8207a8187c0fc110306691a2e94a78d0abb2",
                "sha256:f2bfb563d0211ce16b63c7cb9395d2c682a23187f54c3d79bfec33e6705473c6",
                "sha256:f8ffb705ffcf5ddd0e80b65ddf7bed7ee4f5a441ea7d3419e861a12eaf41af58"
            ],
            "index": "pypi",
            "markers": "python_version >= '3.7'",
            "version": "==2.1.2"
        },
        "python-dateutil": {
            "hashes": [
                "sha256:0123cacc1627ae19ddf3c27a5de5bd67ee4586fbdd6440d9748f8abb483d3e86",
                "sha256:961d03dc3453ebbc59dbdea9e4e11c5651520a876d0f4db161e8674aae935da9"
            ],
            "index": "pypi",
            "markers": "python_version >= '2.7' and python_version not in '3.0, 3.1, 3.2, 3.3'",
            "version": "==2.8.2"
        },
        "python-dotenv": {
            "hashes": [
                "sha256:1684eb44636dd462b66c3ee016599815514527ad99965de77f43e0944634a7e5",
                "sha256:b77d08274639e3d34145dfa6c7008e66df0f04b7be7a75fd0d5292c191d79045"
            ],
            "index": "pypi",
            "markers": "python_version >= '3.7'",
            "version": "==0.21.0"
        },
        "python-editor": {
            "hashes": [
                "sha256:1bf6e860a8ad52a14c3ee1252d5dc25b2030618ed80c022598f00176adc8367d",
                "sha256:51fda6bcc5ddbbb7063b2af7509e43bd84bfc32a4ff71349ec7847713882327b",
                "sha256:5f98b069316ea1c2ed3f67e7f5df6c0d8f10b689964a4a811ff64f0106819ec8",
                "sha256:c3da2053dbab6b29c94e43c486ff67206eafbe7eb52dbec7390b5e2fb05aac77",
                "sha256:ea87e17f6ec459e780e4221f295411462e0d0810858e055fc514684350a2f522"
            ],
            "index": "pypi",
            "version": "==1.0.4"
        },
        "s3transfer": {
            "hashes": [
                "sha256:0711534e9356d3cc692fdde846b4a1e4b0cb6519971860796e6bc4c7aea00ef6",
                "sha256:eca1c20de70a39daee580aef4986996620f365c4e0fda6a86100231d62f1bf69"
            ],
            "markers": "python_version >= '3.8'",
            "version": "==0.10.2"
        },
        "setuptools": {
            "hashes": [
                "sha256:f171bab1dfbc86b132997f26a119f6056a57950d058587841a0082e8830f9dc5",
                "sha256:fe384da74336c398e0d956d1cae0669bc02eed936cdb1d49b57de1990dc11ffc"
            ],
            "markers": "python_version >= '3.8'",
            "version": "==70.3.0"
        },
        "six": {
            "hashes": [
                "sha256:1e61c37477a1626458e36f7b1d82aa5c9b094fa4802892072e49de9c60c4c926",
                "sha256:8abb2f1d86890a2dfb989f9a77cfcfd3e47c2a354b01111771326f8aa26e0254"
            ],
            "index": "pypi",
            "markers": "python_version >= '2.7' and python_version not in '3.0, 3.1, 3.2, 3.3'",
            "version": "==1.16.0"
        },
        "sqlalchemy": {
            "hashes": [
                "sha256:0b0f658414ee4e4b8cbcd4a9bb0fd743c5eeb81fc858ca517217a8013d282c96",
                "sha256:2196208432deebdfe3b22185d46b08f00ac9d7b01284e168c212919891289396",
                "sha256:23b9fbb2f5dd9e630db70fbe47d963c7779e9c81830869bd7d137c2dc1ad05fb",
                "sha256:26a6a9837589c42b16693cf7bf836f5d42218f44d198f9343dd71d3164ceeeac",
                "sha256:2a21c97efcbb9f255d5c12a96ae14da873233597dfd00a3a0c4ce5b3e5e79704",
                "sha256:2e2c38c2a4c5c634fe6c3c58a789712719fa1bf9b9d6ff5ebfce9a9e5b89c1ca",
                "sha256:2fc47dc6185a83c8100b37acda27658fe4dbd33b7d5e7324111f6521008ab4fe",
                "sha256:2fd17e3bb8058359fa61248c52c7b09a97cf3c820e54207a50af529876451808",
                "sha256:352b2770097f41bff6029b280c0e03b217c2dcaddc40726f8f53ed58d8a85da4",
                "sha256:3b74570d99126992d4b0f91fb87c586a574a5872651185de8297c6f90055ae42",
                "sha256:3cb8a66b167b033ec72c3812ffc8441d4e9f5f78f5e31e54dcd4c90a4ca5bebc",
                "sha256:3f9faef422cfbb8fd53716cd14ba95e2ef655400235c3dfad1b5f467ba179c8c",
                "sha256:4b600e9a212ed59355813becbcf282cfda5c93678e15c25a0ef896b354423238",
                "sha256:501ff052229cb79dd4c49c402f6cb03b5a40ae4771efc8bb2bfac9f6c3d3508f",
                "sha256:56d51ae825d20d604583f82c9527d285e9e6d14f9a5516463d9705dab20c3740",
                "sha256:597fec37c382a5442ffd471f66ce12d07d91b281fd474289356b1a0041bdf31d",
                "sha256:5a48ac4d359f058474fadc2115f78a5cdac9988d4f99eae44917f36aa1476327",
                "sha256:5b6cf796d9fcc9b37011d3f9936189b3c8074a02a4ed0c0fbbc126772c31a6d4",
                "sha256:66f63278db425838b3c2b1c596654b31939427016ba030e951b292e32b99553e",
                "sha256:69f3e3c08867a8e4856e92d7afb618b95cdee18e0bc1647b77599722c9a28911",
                "sha256:6e2622844551945db81c26a02f27d94145b561f9d4b0c39ce7bfd2fda5776dac",
                "sha256:6f77c4f042ad493cb8595e2f503c7a4fe44cd7bd59c7582fd6d78d7e7b8ec52c",
                "sha256:74afabeeff415e35525bf7a4ecdab015f00e06456166a2eba7590e49f8db940e",
                "sha256:750900a471d39a7eeba57580b11983030517a1f512c2cb287d5ad0fcf3aebd58",
                "sha256:78fe11dbe37d92667c2c6e74379f75746dc947ee505555a0197cfba9a6d4f1a4",
                "sha256:79a40771363c5e9f3a77f0e28b3302801db08040928146e6808b5b7a40749c88",
                "sha256:7bd112be780928c7f493c1a192cd8c5fc2a2a7b52b790bc5a84203fb4381c6be",
                "sha256:8a41514c1a779e2aa9a19f67aaadeb5cbddf0b2b508843fcd7bafdf4c6864005",
                "sha256:9f2bee229715b6366f86a95d497c347c22ddffa2c7c96143b59a2aa5cc9eebbc",
                "sha256:9fea3d0884e82d1e33226935dac990b967bef21315cbcc894605db3441347443",
                "sha256:afb6dde6c11ea4525318e279cd93c8734b795ac8bb5dda0eedd9ebaca7fa23f1",
                "sha256:b607489dd4a54de56984a0c7656247504bd5523d9d0ba799aef59d4add009484",
                "sha256:b6e22630e89f0e8c12332b2b4c282cb01cf4da0d26795b7eae16702a608e7ca1",
                "sha256:b9c01990d9015df2c6f818aa8f4297d42ee71c9502026bb074e713d496e26b67",
                "sha256:bd15026f77420eb2b324dcb93551ad9c5f22fab2c150c286ef1dc1160f110203",
                "sha256:c06fb43a51ccdff3b4006aafee9fcf15f63f23c580675f7734245ceb6b6a9e05",
                "sha256:c76c81c52e1e08f12f4b6a07af2b96b9b15ea67ccdd40ae17019f1c373faa227",
                "sha256:ccaf1b0c90435b6e430f5dd30a5aede4764942a695552eb3a4ab74ed63c5b8d3",
                "sha256:cd1591329333daf94467e699e11015d9c944f44c94d2091f4ac493ced0119449",
                "sha256:cd5b94d4819c0c89280b7c6109c7b788a576084bf0a480ae17c227b0bc41e109",
                "sha256:d337bf94052856d1b330d5fcad44582a30c532a2463776e1651bd3294ee7e58b",
                "sha256:dc251477eae03c20fae8db9c1c23ea2ebc47331bcd73927cdcaecd02af98d3c3",
                "sha256:dc6d69f8829712a4fd799d2ac8d79bdeff651c2301b081fd5d3fe697bd5b4ab9",
                "sha256:f2a213c1b699d3f5768a7272de720387ae0122f1becf0901ed6eaa1abd1baf6c",
                "sha256:f3ad7f221d8a69d32d197e5968d798217a4feebe30144986af71ada8c548e9fa",
                "sha256:f43e93057cf52a227eda401251c72b6fbe4756f35fa6bfebb5d73b86881e59b0",
                "sha256:f68470edd70c3ac3b6cd5c2a22a8daf18415203ca1b036aaeb9b0fb6f54e8298",
                "sha256:fa4b1af3e619b5b0b435e333f3967612db06351217c58bfb50cee5f003db2a5a",
                "sha256:fc6b14e8602f59c6ba893980bea96571dd0ed83d8ebb9c4479d9ed5425d562e9"
            ],
            "index": "pypi",
            "markers": "python_version >= '3.7'",
            "version": "==2.0.31"
        },
        "typing-extensions": {
            "hashes": [
                "sha256:04e5ca0351e0f3f85c6853954072df659d0d13fac324d0072316b67d7794700d",
                "sha256:1a7ead55c7e559dd4dee8856e3a88b41225abfe1ce8df57b7c13915fe121ffb8"
            ],
            "markers": "python_version >= '3.8'",
            "version": "==4.12.2"
        },
        "urllib3": {
            "hashes": [
                "sha256:37a0344459b199fce0e80b0d3569837ec6b6937435c5244e7fd73fa6006830f3",
                "sha256:3e3d753a8618b86d7de333b4223005f68720bcd6a7d2bcb9fbd2229ec7c1e429"
            ],
            "markers": "python_version < '3.10'",
            "version": "==1.26.19"
        },
        "werkzeug": {
            "hashes": [
                "sha256:7ea2d48322cc7c0f8b3a215ed73eabd7b5d75d0b50e31ab006286ccff9e00b8f",
                "sha256:f979ab81f58d7318e064e99c4506445d60135ac5cd2e177a2de0089bfd4c9bd5"
            ],
            "index": "pypi",
            "markers": "python_version >= '3.7'",
            "version": "==2.2.2"
        },
        "wtforms": {
            "hashes": [
                "sha256:6b351bbb12dd58af57ffef05bc78425d08d1914e0fd68ee14143b7ade023c5bc",
                "sha256:837f2f0e0ca79481b92884962b914eba4e72b7a2daaf1f939c890ed0124b834b"
            ],
            "index": "pypi",
            "markers": "python_version >= '3.7'",
            "version": "==3.0.1"
        },
        "zipp": {
            "hashes": [
                "sha256:0e923e726174922dce09c53c59ad483ff7bbb8e572e00c7f7c46b88556409f31",
                "sha256:84e64a1c28cf7e91ed2078bb8cc8c259cb19b76942096c8d7b84947690cabaf0"
            ],
            "index": "pypi",
            "markers": "python_version >= '3.8'",
            "version": "==3.17.0"
        }
    },
    "develop": {}
}
